
Microsoft Visual Studio Solution File, Format Version 12.00
# Visual Studio Version 17
VisualStudioVersion = 17.14.37710.0 d17.14
MinimumVisualStudioVersion = 10.0.40219.1
Project("{FAE04EC0-301F-11D3-BF4B-00C04F79EFBC}") = "OurApp", "OurApp\OurApp.csproj", "{A415BDFB-AB7F-4D9E-BE02-E7FEB1AFF0B3}"
EndProject
Global
	GlobalSection(SolutionConfigurationPlatforms) = preSolution
		Debug|Any CPU = Debug|Any CPU
		Release|Any CPU = Release|Any CPU
	EndGlobalSection
	GlobalSection(ProjectConfigurationPlatforms) = postSolution
		{A415BDFB-AB7F-4D9E-BE02-E7FEB1AFF0B3}.Debug|Any CPU.ActiveCfg = Debug|Any CPU
		{A415BDFB-AB7F-4D9E-BE02-E7FEB1AFF0B3}.Debug|Any CPU.Build.0 = Debug|Any CPU
		{A415BDFB-AB7F-4D9E-BE02-E7FEB1AFF0B3}.Release|Any CPU.ActiveCfg = Release|Any CPU
		{A415BDFB-AB7F-4D9E-BE02-E7FEB1AFF0B3}.Release|Any CPU.Build.0 = Release|Any CPU
	EndGlobalSection
	GlobalSection(SolutionProperties) = preSolution
		HideSolutionNode = FALSE
	EndGlobalSection
	GlobalSection(ExtensibilityGlobals) = postSolution
		SolutionGuid = {3977A16A-EAC7-4A77-92C5-B243CC52F70B}
	EndGlobalSection
EndGlobal
